
Microsoft Visual Studio Solution File, Format Version 12.00
# Visual Studio Version 17
VisualStudioVersion = 17.8.34525.116
MinimumVisualStudioVersion = 10.0.40219.1
Project("{9A19103F-16F7-4668-BE54-9A1E7A4F7556}") = "Sprint4", "Sprint4\Sprint4.csproj", "{C69C7E5C-52F2-4DDB-8022-97DE240E7610}"
EndProject
Project("{FAE04EC0-301F-11D3-BF4B-00C04F79EFBC}") = "Sprint4.Tests", "Sprint4.Tests\Sprint4.Tests.csproj", "{BE5B779A-5466-45A2-9DEA-D2B55CE1D725}"
EndProject
Global
	GlobalSection(SolutionConfigurationPlatforms) = preSolution
		Debug|Any CPU = Debug|Any CPU
		Release|Any CPU = Release|Any CPU
	EndGlobalSection
	GlobalSection(ProjectConfigurationPlatforms) = postSolution
		{C69C7E5C-52F2-4DDB-8022-97DE240E7610}.Debug|Any CPU.ActiveCfg = Debug|Any CPU
		{C69C7E5C-52F2-4DDB-8022-97DE240E7610}.Debug|Any CPU.Build.0 = Debug|Any CPU
		{C69C7E5C-52F2-4DDB-8022-97DE240E7610}.Release|Any CPU.ActiveCfg = Release|Any CPU
		{C69C7E5C-52F2-4DDB-8022-97DE240E7610}.Release|Any CPU.Build.0 = Release|Any CPU
		{BE5B779A-5466-45A2-9DEA-D2B55CE1D725}.Debug|Any CPU.ActiveCfg = Debug|Any CPU
		{BE5B779A-5466-45A2-9DEA-D2B55CE1D725}.Debug|Any CPU.Build.0 = Debug|Any CPU
		{BE5B779A-5466-45A2-9DEA-D2B55CE1D725}.Release|Any CPU.ActiveCfg = Release|Any CPU
		{BE5B779A-5466-45A2-9DEA-D2B55CE1D725}.Release|Any CPU.Build.0 = Release|Any CPU
	EndGlobalSection
	GlobalSection(SolutionProperties) = preSolution
		HideSolutionNode = FALSE
	EndGlobalSection
	GlobalSection(ExtensibilityGlobals) = postSolution
		SolutionGuid = {773C57D6-9758-457B-B944-4AFEA6E347E3}
	EndGlobalSection
EndGlobal
